// !$*UTF8*$!
{
	archiveVersion = 1;
	classes = {
	};
	objectVersion = 46;
	objects = {

/* Begin PBXBuildFile section */
		8B28E2851DE3FAD90093557D /* main.swift in Sources */ = {isa = PBXBuildFile; fileRef = 8B28E2841DE3FAD90093557D /* main.swift */; };
		8B28E28C1DE3FAF10093557D /* Graph.swift in Sources */ = {isa = PBXBuildFile; fileRef = 8B28E28B1DE3FAF10093557D /* Graph.swift */; };
		8BF45C8F1DE44BAB00C11770 /* SparseGraph.swift in Sources */ = {isa = PBXBuildFile; fileRef = 8BF45C8E1DE44BAB00C11770 /* SparseGraph.swift */; };
/* End PBXBuildFile section */

/* Begin PBXCopyFilesBuildPhase section */
		8B28E27F1DE3FAD90093557D /* CopyFiles */ = {
			isa = PBXCopyFilesBuildPhase;
			buildActionMask = 2147483647;
			dstPath = /usr/share/man/man1/;
			dstSubfolderSpec = 0;
			files = (
			);
			runOnlyForDeploymentPostprocessing = 1;
		};
/* End PBXCopyFilesBuildPhase section */

/* Begin PBXFileReference section */
		8B28E2811DE3FAD90093557D /* ScenicSpotSystem */ = {isa = PBXFileReference; explicitFileType = "compiled.mach-o.executable"; includeInIndex = 0; path = ScenicSpotSystem; sourceTree = BUILT_PRODUCTS_DIR; };
		8B28E2841DE3FAD90093557D /* main.swift */ = {isa = PBXFileReference; lastKnownFileType = sourcecode.swift; name = main.swift; path = ScenicSpotSystem/main.swift; sourceTree = "<group>"; };
		8B28E28B1DE3FAF10093557D /* Graph.swift */ = {isa = PBXFileReference; fileEncoding = 4; lastKnownFileType = sourcecode.swift; path = Graph.swift; sourceTree = "<group>"; };
		8BF45C8E1DE44BAB00C11770 /* SparseGraph.swift */ = {isa = PBXFileReference; fileEncoding = 4; lastKnownFileType = sourcecode.swift; path = SparseGraph.swift; sourceTree = "<group>"; };
/* End PBXFileReference section */

/* Begin PBXFrameworksBuildPhase section */
		8B28E27E1DE3FAD90093557D /* Frameworks */ = {
			isa = PBXFrameworksBuildPhase;
			buildActionMask = 2147483647;
			files = (
			);
			runOnlyForDeploymentPostprocessing = 0;
		};
/* End PBXFrameworksBuildPhase section */

/* Begin PBXGroup section */
		8B28E2781DE3FAD90093557D = {
			isa = PBXGroup;
			children = (
				8B28E2841DE3FAD90093557D /* main.swift */,
				8B28E2831DE3FAD90093557D /* ScenicSpotSystem */,
				8B28E2821DE3FAD90093557D /* Products */,
			);
			sourceTree = "<group>";
		};
		8B28E2821DE3FAD90093557D /* Products */ = {
			isa = PBXGroup;
			children = (
				8B28E2811DE3FAD90093557D /* ScenicSpotSystem */,
			);
			name = Products;
			sourceTree = "<group>";
		};
		8B28E2831DE3FAD90093557D /* ScenicSpotSystem */ = {
			isa = PBXGroup;
			children = (
				8B28E28B1DE3FAF10093557D /* Graph.swift */,
				8BF45C8E1DE44BAB00C11770 /* SparseGraph.swift */,
			);
			path = ScenicSpotSystem;
			sourceTree = "<group>";
		};
/* End PBXGroup section */

/* Begin PBXNativeTarget section */
		8B28E2801DE3FAD90093557D /* ScenicSpotSystem */ = {
			isa = PBXNativeTarget;
			buildConfigurationList = 8B28E2881DE3FAD90093557D /* Build configuration list for PBXNativeTarget "ScenicSpotSystem" */;
			buildPhases = (
				8B28E27D1DE3FAD90093557D /* Sources */,
				8B28E27E1DE3FAD90093557D /* Frameworks */,
				8B28E27F1DE3FAD90093557D /* CopyFiles */,
			);
			buildRules = (
			);
			dependencies = (
			);
			name = ScenicSpotSystem;
			productName = ScenicSpotSystem;
			productReference = 8B28E2811DE3FAD90093557D /* ScenicSpotSystem */;
			productType = "com.apple.product-type.tool";
		};
/* End PBXNativeTarget section */

/* Begin PBXProject section */
		8B28E2791DE3FAD90093557D /* Project object */ = {
			isa = PBXProject;
			attributes = {
				LastSwiftUpdateCheck = 0800;
				LastUpgradeCheck = 0800;
				ORGANIZATIONNAME = ITPanda;
				TargetAttributes = {
					8B28E2801DE3FAD90093557D = {
						CreatedOnToolsVersion = 8.0;
						DevelopmentTeam = X4435MZ82Y;
						ProvisioningStyle = Automatic;
					};
				};
			};
			buildConfigurationList = 8B28E27C1DE3FAD90093557D /* Build configuration list for PBXProject "ScenicSpotSystem" */;
			compatibilityVersion = "Xcode 3.2";
			developmentRegion = English;
			hasScannedForEncodings = 0;
			knownRegions = (
				en,
			);
			mainGroup = 8B28E2781DE3FAD90093557D;
			productRefGroup = 8B28E2821DE3FAD90093557D /* Products */;
			projectDirPath = "";
			projectRoot = "";
			targets = (
				8B28E2801DE3FAD90093557D /* ScenicSpotSystem */,
			);
		};
/* End PBXProject section */

/* Begin PBXSourcesBuildPhase section */
		8B28E27D1DE3FAD90093557D /* Sources */ = {
			isa = PBXSourcesBuildPhase;
			buildActionMask = 2147483647;
			files = (
				8BF45C8F1DE44BAB00C11770 /* SparseGraph.swift in Sources */,
				8B28E28C1DE3FAF10093557D /* Graph.swift in Sources */,
				8B28E2851DE3FAD90093557D /* main.swift in Sources */,
			);
			runOnlyForDeploymentPostprocessing = 0;
		};
/* End PBXSourcesBuildPhase section */

/* Begin XCBuildConfiguration section */
		8B28E2861DE3FAD90093557D /* Debug */ = {
			isa = XCBuildConfiguration;
			buildSettings = {
				ALWAYS_SEARCH_USER_PATHS = NO;
				CLANG_ANALYZER_NONNULL = YES;
				CLANG_CXX_LANGUAGE_STANDARD = "gnu++0x";
				CLANG_CXX_LIBRARY = "libc++";
				CLANG_ENABLE_MODULES = YES;
				CLANG_ENABLE_OBJC_ARC = YES;
				CLANG_WARN_BOOL_CONVERSION = YES;
				CLANG_WARN_CONSTANT_CONVERSION = YES;
				CLANG_WARN_DIRECT_OBJC_ISA_USAGE = YES_ERROR;
				CLANG_WARN_DOCUMENTATION_COMMENTS = YES;
				CLANG_WARN_EMPTY_BODY = YES;
				CLANG_WARN_ENUM_CONVERSION = YES;
				CLANG_WARN_INFINITE_RECURSION = YES;
				CLANG_WARN_INT_CONVERSION = YES;
				CLANG_WARN_OBJC_ROOT_CLASS = YES_ERROR;
				CLANG_WARN_SUSPICIOUS_MOVES = YES;
				CLANG_WARN_UNREACHABLE_CODE = YES;
				CLANG_WARN__DUPLICATE_METHOD_MATCH = YES;
				CODE_SIGN_IDENTITY = "-";
				COPY_PHASE_STRIP = NO;
				DEBUG_INFORMATION_FORMAT = dwarf;
				ENABLE_STRICT_OBJC_MSGSEND = YES;
				ENABLE_TESTABILITY = YES;
				GCC_C_LANGUAGE_STANDARD = gnu99;
				GCC_DYNAMIC_NO_PIC = NO;
				GCC_NO_COMMON_BLOCKS = YES;
				GCC_OPTIMIZATION_LEVEL = 0;
				GCC_PREPROCESSOR_DEFINITIONS = (
					"DEBUG=1",
					"$(inherited)",
				);
				GCC_WARN_64_TO_32_BIT_CONVERSION = YES;
				GCC_WARN_ABOUT_RETURN_TYPE = YES_ERROR;
				GCC_WARN_UNDECLARED_SELECTOR = YES;
				GCC_WARN_UNINITIALIZED_AUTOS = YES_AGGRESSIVE;
				GCC_WARN_UNUSED_FUNCTION = YES;
				GCC_WARN_UNUSED_VARIABLE = YES;
				MACOSX_DEPLOYMENT_TARGET = 10.11;
				MTL_ENABLE_DEBUG_INFO = YES;
				ONLY_ACTIVE_ARCH = YES;
				SDKROOT = macosx;
				SWIFT_OPTIMIZATION_LEVEL = "-Onone";
			};
			name = Debug;
		};
		8B28E2871DE3FAD90093557D /* Release */ = {
			isa = XCBuildConfiguration;
			buildSettings = {
				ALWAYS_SEARCH_USER_PATHS = NO;
				CLANG_ANALYZER_NONNULL = YES;
				CLANG_CXX_LANGUAGE_STANDARD = "gnu++0x";
				CLANG_CXX_LIBRARY = "libc++";
				CLANG_ENABLE_MODULES = YES;
				CLANG_ENABLE_OBJC_ARC = YES;
				CLANG_WARN_BOOL_CONVERSION = YES;
				CLANG_WARN_CONSTANT_CONVERSION = YES;
				CLANG_WARN_DIRECT_OBJC_ISA_USAGE = YES_ERROR;
				CLANG_WARN_DOCUMENTATION_COMMENTS = YES;
				CLANG_WARN_EMPTY_BODY = YES;
				CLANG_WARN_ENUM_CONVERSION = YES;
				CLANG_WARN_INFINITE_RECURSION = YES;
				CLANG_WARN_INT_CONVERSION = YES;
				CLANG_WARN_OBJC_ROOT_CLASS = YES_ERROR;
				CLANG_WARN_SUSPICIOUS_MOVES = YES;
				CLANG_WARN_UNREACHABLE_CODE = YES;
				CLANG_WARN__DUPLICATE_METHOD_MATCH = YES;
				CODE_SIGN_IDENTITY = "-";
				COPY_PHASE_STRIP = NO;
				DEBUG_INFORMATION_FORMAT = "dwarf-with-dsym";
				ENABLE_NS_ASSERTIONS = NO;
				ENABLE_STRICT_OBJC_MSGSEND = YES;
				GCC_C_LANGUAGE_STANDARD = gnu99;
				GCC_NO_COMMON_BLOCKS = YES;
				GCC_WARN_64_TO_32_BIT_CONVERSION = YES;
				GCC_WARN_ABOUT_RETURN_TYPE = YES_ERROR;
				GCC_WARN_UNDECLARED_SELECTOR = YES;
				GCC_WARN_UNINITIALIZED_AUTOS = YES_AGGRESSIVE;
				GCC_WARN_UNUSED_FUNCTION = YES;
				GCC_WARN_UNUSED_VARIABLE = YES;
				MACOSX_DEPLOYMENT_TARGET = 10.11;
				MTL_ENABLE_DEBUG_INFO = NO;
				SDKROOT = macosx;
			};
			name = Release;
		};
		8B28E2891DE3FAD90093557D /* Debug */ = {
			isa = XCBuildConfiguration;
			buildSettings = {
				DEVELOPMENT_TEAM = X4435MZ82Y;
				PRODUCT_NAME = "$(TARGET_NAME)";
				SWIFT_VERSION = 3.0;
			};
			name = Debug;
		};
		8B28E28A1DE3FAD90093557D /* Release */ = {
			isa = XCBuildConfiguration;
			buildSettings = {
				DEVELOPMENT_TEAM = X4435MZ82Y;
				PRODUCT_NAME = "$(TARGET_NAME)";
				SWIFT_VERSION = 3.0;
			};
			name = Release;
		};
/* End XCBuildConfiguration section */

/* Begin XCConfigurationList section */
		8B28E27C1DE3FAD90093557D /* Build configuration list for PBXProject "ScenicSpotSystem" */ = {
			isa = XCConfigurationList;
			buildConfigurations = (
				8B28E2861DE3FAD90093557D /* Debug */,
				8B28E2871DE3FAD90093557D /* Release */,
			);
			defaultConfigurationIsVisible = 0;
			defaultConfigurationName = Release;
		};
		8B28E2881DE3FAD90093557D /* Build configuration list for PBXNativeTarget "ScenicSpotSystem" */ = {
			isa = XCConfigurationList;
			buildConfigurations = (
				8B28E2891DE3FAD90093557D /* Debug */,
				8B28E28A1DE3FAD90093557D /* Release */,
			);
			defaultConfigurationIsVisible = 0;
			defaultConfigurationName = Release;
		};
/* End XCConfigurationList section */
	};
	rootObject = 8B28E2791DE3FAD90093557D /* Project object */;
}
